Microsoft Visual Studio Solution File, Format Version 12.00
# Visual Studio Version 17
VisualStudioVersion = 17.5.2.0
MinimumVisualStudioVersion = 10.0.40219.1
Project("{FAE04EC0-301F-11D3-BF4B-00C04F79EFBC}") = "PalabraPalindroma", "PalabraPalindroma.csproj", "{4A1083D5-F6EE-0742-FF78-13A0C943BF1A}"
EndProject
Global
	GlobalSection(SolutionConfigurationPlatforms) = preSolution
		Debug|Any CPU = Debug|Any CPU
		Release|Any CPU = Release|Any CPU
	EndGlobalSection
	GlobalSection(ProjectConfigurationPlatforms) = postSolution
		{4A1083D5-F6EE-0742-FF78-13A0C943BF1A}.Debug|Any CPU.ActiveCfg = Debug|Any CPU
		{4A1083D5-F6EE-0742-FF78-13A0C943BF1A}.Debug|Any CPU.Build.0 = Debug|Any CPU
		{4A1083D5-F6EE-0742-FF78-13A0C943BF1A}.Release|Any CPU.ActiveCfg = Release|Any CPU
		{4A1083D5-F6EE-0742-FF78-13A0C943BF1A}.Release|Any CPU.Build.0 = Release|Any CPU
	EndGlobalSection
	GlobalSection(SolutionProperties) = preSolution
		HideSolutionNode = FALSE
	EndGlobalSection
	GlobalSection(ExtensibilityGlobals) = postSolution
		SolutionGuid = {99AA45BA-AAA3-4ECB-8559-9008244BF66F}
	EndGlobalSection
EndGlobal
